
Microsoft Visual Studio Solution File, Format Version 12.00
# Visual Studio Express 2013 for Windows Desktop
VisualStudioVersion = 12.0.21005.1
MinimumVisualStudioVersion = 10.0.40219.1
Project("{FAE04EC0-301F-11D3-BF4B-00C04F79EFBC}") = "ExactFFT.Test", "ExactFFT.Test\ExactFFT.Test.csproj", "{1603F4AC-5C7C-4529-AC6F-5CB5F1884DE1}"
EndProject
Project("{FAE04EC0-301F-11D3-BF4B-00C04F79EFBC}") = "ExactFFT", "ExactFFT\ExactFFT.csproj", "{2B615506-98B4-41C0-ABAC-BAF0B5BC5B7D}"
EndProject
Project("{FAE04EC0-301F-11D3-BF4B-00C04F79EFBC}") = "DebugHelper", "DebugHelper\DebugHelper.csproj", "{03C4E43F-CE2A-4917-AEC0-BFB6D75C6BE5}"
EndProject
Global
	GlobalSection(SolutionConfigurationPlatforms) = preSolution
		Debug|Any CPU = Debug|Any CPU
		Release|Any CPU = Release|Any CPU
	EndGlobalSection
	GlobalSection(ProjectConfigurationPlatforms) = postSolution
		{1603F4AC-5C7C-4529-AC6F-5CB5F1884DE1}.Debug|Any CPU.ActiveCfg = Debug|Any CPU
		{1603F4AC-5C7C-4529-AC6F-5CB5F1884DE1}.Debug|Any CPU.Build.0 = Debug|Any CPU
		{1603F4AC-5C7C-4529-AC6F-5CB5F1884DE1}.Release|Any CPU.ActiveCfg = Release|Any CPU
		{1603F4AC-5C7C-4529-AC6F-5CB5F1884DE1}.Release|Any CPU.Build.0 = Release|Any CPU
		{2B615506-98B4-41C0-ABAC-BAF0B5BC5B7D}.Debug|Any CPU.ActiveCfg = Debug|Any CPU
		{2B615506-98B4-41C0-ABAC-BAF0B5BC5B7D}.Debug|Any CPU.Build.0 = Debug|Any CPU
		{2B615506-98B4-41C0-ABAC-BAF0B5BC5B7D}.Release|Any CPU.ActiveCfg = Release|Any CPU
		{2B615506-98B4-41C0-ABAC-BAF0B5BC5B7D}.Release|Any CPU.Build.0 = Release|Any CPU
		{03C4E43F-CE2A-4917-AEC0-BFB6D75C6BE5}.Debug|Any CPU.ActiveCfg = Debug|Any CPU
		{03C4E43F-CE2A-4917-AEC0-BFB6D75C6BE5}.Debug|Any CPU.Build.0 = Debug|Any CPU
		{03C4E43F-CE2A-4917-AEC0-BFB6D75C6BE5}.Release|Any CPU.ActiveCfg = Release|Any CPU
		{03C4E43F-CE2A-4917-AEC0-BFB6D75C6BE5}.Release|Any CPU.Build.0 = Release|Any CPU
	EndGlobalSection
	GlobalSection(SolutionProperties) = preSolution
		HideSolutionNode = FALSE
	EndGlobalSection
EndGlobal
