
Microsoft Visual Studio Solution File, Format Version 12.00
# Visual Studio 14
VisualStudioVersion = 14.0.24720.0
MinimumVisualStudioVersion = 10.0.40219.1
Project("{F184B08F-C81C-45F6-A57F-5ABD9991F28F}") = "ExactDopplerTest", "ExactDopplerTest\ExactDopplerTest.vbproj", "{EE58F5E1-E37D-44B3-B1BC-E0B994208938}"
EndProject
Project("{F184B08F-C81C-45F6-A57F-5ABD9991F28F}") = "ExactAudio", "ExactAudio\ExactAudio.vbproj", "{8A4FAB22-48CA-4B84-B69C-D67844F9D393}"
EndProject
Project("{F184B08F-C81C-45F6-A57F-5ABD9991F28F}") = "ExactDoppler", "ExactDoppler\ExactDoppler.vbproj", "{94CA58FE-F34B-4784-8C2D-68177A610A65}"
EndProject
Global
	GlobalSection(SolutionConfigurationPlatforms) = preSolution
		Debug|Any CPU = Debug|Any CPU
		Release|Any CPU = Release|Any CPU
	EndGlobalSection
	GlobalSection(ProjectConfigurationPlatforms) = postSolution
		{EE58F5E1-E37D-44B3-B1BC-E0B994208938}.Debug|Any CPU.ActiveCfg = Debug|Any CPU
		{EE58F5E1-E37D-44B3-B1BC-E0B994208938}.Debug|Any CPU.Build.0 = Debug|Any CPU
		{EE58F5E1-E37D-44B3-B1BC-E0B994208938}.Release|Any CPU.ActiveCfg = Release|Any CPU
		{EE58F5E1-E37D-44B3-B1BC-E0B994208938}.Release|Any CPU.Build.0 = Release|Any CPU
		{8A4FAB22-48CA-4B84-B69C-D67844F9D393}.Debug|Any CPU.ActiveCfg = Debug|Any CPU
		{8A4FAB22-48CA-4B84-B69C-D67844F9D393}.Debug|Any CPU.Build.0 = Debug|Any CPU
		{8A4FAB22-48CA-4B84-B69C-D67844F9D393}.Release|Any CPU.ActiveCfg = Release|Any CPU
		{8A4FAB22-48CA-4B84-B69C-D67844F9D393}.Release|Any CPU.Build.0 = Release|Any CPU
		{94CA58FE-F34B-4784-8C2D-68177A610A65}.Debug|Any CPU.ActiveCfg = Debug|Any CPU
		{94CA58FE-F34B-4784-8C2D-68177A610A65}.Debug|Any CPU.Build.0 = Debug|Any CPU
		{94CA58FE-F34B-4784-8C2D-68177A610A65}.Release|Any CPU.ActiveCfg = Release|Any CPU
		{94CA58FE-F34B-4784-8C2D-68177A610A65}.Release|Any CPU.Build.0 = Release|Any CPU
	EndGlobalSection
	GlobalSection(SolutionProperties) = preSolution
		HideSolutionNode = FALSE
	EndGlobalSection
EndGlobal
